
Microsoft Visual Studio Solution File, Format Version 12.00
# Visual Studio Version 17
VisualStudioVersion = 17.0.31903.59
MinimumVisualStudioVersion = 10.0.40219.1
Project("{FAE04EC0-301F-11D3-BF4B-00C04F79EFBC}") = "AutomaticBroccoli.API", "AutomaticBroccoli.API\AutomaticBroccoli.API.csproj", "{5994EF2F-4B96-4119-94F9-98749B91F48A}"
EndProject
Project("{FAE04EC0-301F-11D3-BF4B-00C04F79EFBC}") = "AutomaticBroccoli.UnitTests", "AutomaticBroccoli.UnitTests\AutomaticBroccoli.UnitTests.csproj", "{C0A90D65-D25C-4CAB-A330-CB44E8BAC4AA}"
EndProject
Project("{FAE04EC0-301F-11D3-BF4B-00C04F79EFBC}") = "AutomaticBroccoli.IntegrationTests", "AutomaticBroccoli.IntegrationTests\AutomaticBroccoli.IntegrationTests.csproj", "{6E8D5957-89AC-45D5-B18C-7A4A6B2CE131}"
EndProject
Project("{FAE04EC0-301F-11D3-BF4B-00C04F79EFBC}") = "AutomaticBroccoli.DataAccess.Postgres", "AutomaticBroccoli.DataAccess.Postgres\AutomaticBroccoli.DataAccess.Postgres.csproj", "{8B295AD8-53A7-4CEB-B398-A0E51C98B2B8}"
EndProject
Project("{FAE04EC0-301F-11D3-BF4B-00C04F79EFBC}") = "AutomaticBroccoli.DbLoad.CLI", "AutomaticBroccoli.DbLoad.CLI\AutomaticBroccoli.DbLoad.CLI.csproj", "{1C44E8E2-946F-4070-BC64-58710B16C42A}"
EndProject
Global
	GlobalSection(SolutionConfigurationPlatforms) = preSolution
		Debug|Any CPU = Debug|Any CPU
		Release|Any CPU = Release|Any CPU
	EndGlobalSection
	GlobalSection(SolutionProperties) = preSolution
		HideSolutionNode = FALSE
	EndGlobalSection
	GlobalSection(ProjectConfigurationPlatforms) = postSolution
		{5994EF2F-4B96-4119-94F9-98749B91F48A}.Debug|Any CPU.ActiveCfg = Debug|Any CPU
		{5994EF2F-4B96-4119-94F9-98749B91F48A}.Debug|Any CPU.Build.0 = Debug|Any CPU
		{5994EF2F-4B96-4119-94F9-98749B91F48A}.Release|Any CPU.ActiveCfg = Release|Any CPU
		{5994EF2F-4B96-4119-94F9-98749B91F48A}.Release|Any CPU.Build.0 = Release|Any CPU
		{C0A90D65-D25C-4CAB-A330-CB44E8BAC4AA}.Debug|Any CPU.ActiveCfg = Debug|Any CPU
		{C0A90D65-D25C-4CAB-A330-CB44E8BAC4AA}.Debug|Any CPU.Build.0 = Debug|Any CPU
		{C0A90D65-D25C-4CAB-A330-CB44E8BAC4AA}.Release|Any CPU.ActiveCfg = Release|Any CPU
		{C0A90D65-D25C-4CAB-A330-CB44E8BAC4AA}.Release|Any CPU.Build.0 = Release|Any CPU
		{6E8D5957-89AC-45D5-B18C-7A4A6B2CE131}.Debug|Any CPU.ActiveCfg = Debug|Any CPU
		{6E8D5957-89AC-45D5-B18C-7A4A6B2CE131}.Debug|Any CPU.Build.0 = Debug|Any CPU
		{6E8D5957-89AC-45D5-B18C-7A4A6B2CE131}.Release|Any CPU.ActiveCfg = Release|Any CPU
		{6E8D5957-89AC-45D5-B18C-7A4A6B2CE131}.Release|Any CPU.Build.0 = Release|Any CPU
		{8B295AD8-53A7-4CEB-B398-A0E51C98B2B8}.Debug|Any CPU.ActiveCfg = Debug|Any CPU
		{8B295AD8-53A7-4CEB-B398-A0E51C98B2B8}.Debug|Any CPU.Build.0 = Debug|Any CPU
		{8B295AD8-53A7-4CEB-B398-A0E51C98B2B8}.Release|Any CPU.ActiveCfg = Release|Any CPU
		{8B295AD8-53A7-4CEB-B398-A0E51C98B2B8}.Release|Any CPU.Build.0 = Release|Any CPU
		{1C44E8E2-946F-4070-BC64-58710B16C42A}.Debug|Any CPU.ActiveCfg = Debug|Any CPU
		{1C44E8E2-946F-4070-BC64-58710B16C42A}.Debug|Any CPU.Build.0 = Debug|Any CPU
		{1C44E8E2-946F-4070-BC64-58710B16C42A}.Release|Any CPU.ActiveCfg = Release|Any CPU
		{1C44E8E2-946F-4070-BC64-58710B16C42A}.Release|Any CPU.Build.0 = Release|Any CPU
	EndGlobalSection
EndGlobal
